
Microsoft Visual Studio Solution File, Format Version 12.00
# Visual Studio 2013
VisualStudioVersion = 12.0.30501.0
MinimumVisualStudioVersion = 10.0.40219.1
Project("{FAE04EC0-301F-11D3-BF4B-00C04F79EFBC}") = "STM", "STM\STM.csproj", "{060AE7AB-74C6-4148-B86F-37D1E1DB99F5}"
EndProject
Global
	GlobalSection(SolutionConfigurationPlatforms) = preSolution
		Debug|Any CPU = Debug|Any CPU
		Release|Any CPU = Release|Any CPU
	EndGlobalSection
	GlobalSection(ProjectConfigurationPlatforms) = postSolution
		{060AE7AB-74C6-4148-B86F-37D1E1DB99F5}.Debug|Any CPU.ActiveCfg = Debug|Any CPU
		{060AE7AB-74C6-4148-B86F-37D1E1DB99F5}.Debug|Any CPU.Build.0 = Debug|Any CPU
		{060AE7AB-74C6-4148-B86F-37D1E1DB99F5}.Release|Any CPU.ActiveCfg = Release|Any CPU
		{060AE7AB-74C6-4148-B86F-37D1E1DB99F5}.Release|Any CPU.Build.0 = Release|Any CPU
	EndGlobalSection
	GlobalSection(SolutionProperties) = preSolution
		HideSolutionNode = FALSE
	EndGlobalSection
EndGlobal
